
Microsoft Visual Studio Solution File, Format Version 11.00
# Visual C++ Express 2010
Project("{8BC9CEB8-8B4A-11D0-8D11-00A0C91BC942}") = "Dankkushland 2014", "Dankkushland 2.0\Dankkushland 2.0.vcxproj", "{8F5F4B40-E4CA-43A3-8B9D-DDB2F37948EE}"
EndProject
Global
	GlobalSection(SolutionConfigurationPlatforms) = preSolution
		Debug|Win32 = Debug|Win32
		Release|Win32 = Release|Win32
	EndGlobalSection
	GlobalSection(ProjectConfigurationPlatforms) = postSolution
		{8F5F4B40-E4CA-43A3-8B9D-DDB2F37948EE}.Debug|Win32.ActiveCfg = Debug|Win32
		{8F5F4B40-E4CA-43A3-8B9D-DDB2F37948EE}.Debug|Win32.Build.0 = Debug|Win32
		{8F5F4B40-E4CA-43A3-8B9D-DDB2F37948EE}.Release|Win32.ActiveCfg = Release|Win32
		{8F5F4B40-E4CA-43A3-8B9D-DDB2F37948EE}.Release|Win32.Build.0 = Release|Win32
	EndGlobalSection
	GlobalSection(SolutionProperties) = preSolution
		HideSolutionNode = FALSE
	EndGlobalSection
EndGlobal
